
Microsoft Visual Studio Solution File, Format Version 12.00
# Visual Studio Version 16
VisualStudioVersion = 25.0.1703.0
MinimumVisualStudioVersion = 10.0.40219.1
Project("{FAE04EC0-301F-11D3-BF4B-00C04F79EFBC}") = "VLSMAPI", "VLSMAPI.csproj", "{81989E65-B192-4E52-804F-109064A2E02C}"
EndProject
Global
	GlobalSection(SolutionConfigurationPlatforms) = preSolution
		Debug|Any CPU = Debug|Any CPU
		Release|Any CPU = Release|Any CPU
	EndGlobalSection
	GlobalSection(ProjectConfigurationPlatforms) = postSolution
		{81989E65-B192-4E52-804F-109064A2E02C}.Debug|Any CPU.ActiveCfg = Debug|Any CPU
		{81989E65-B192-4E52-804F-109064A2E02C}.Debug|Any CPU.Build.0 = Debug|Any CPU
		{81989E65-B192-4E52-804F-109064A2E02C}.Release|Any CPU.ActiveCfg = Release|Any CPU
		{81989E65-B192-4E52-804F-109064A2E02C}.Release|Any CPU.Build.0 = Release|Any CPU
	EndGlobalSection
	GlobalSection(SolutionProperties) = preSolution
		HideSolutionNode = FALSE
	EndGlobalSection
	GlobalSection(ExtensibilityGlobals) = postSolution
		SolutionGuid = {4238DCF4-D825-4822-8C69-AA6933A95996}
	EndGlobalSection
EndGlobal
